# This file is generated by running "yarn install" inside your project.
# Manual changes might be lost - proceed with caution!

__metadata:
  version: 8
  cacheKey: 10c0

"app@workspace:.":
  version: 0.0.0-use.local
  resolution: "app@workspace:."
  dependencies:
    lodash: "npm:4.17.15"
  languageName: unknown
  linkType: soft

"lodash@npm:4.17.15":
  version: 4.17.15
  resolution: "lodash@npm:4.17.15"
  checksum: 10c0/2ab9a3b5a7a1d4e9b9f1c2f0e8f5b9c34d1d71b0c9f3fae0a2ae39d6a6e3a4d7f7c5d2a3b1e0f9c8d7e6f5a4b3c2d1e0f9a8b7c6d5e4f3a2b1c0d9e8f7a6b5c4
  languageName: node
  linkType: hard
